
Microsoft Visual Studio Solution File, Format Version 12.00
# Visual Studio 15
VisualStudioVersion = 15.0.26430.14
MinimumVisualStudioVersion = 10.0.40219.1
Project("{9A19103F-16F7-4668-BE54-9A1E7A4F7556}") = "FRI3NDS.Angular4Template.Web", "FRI3NDS.Angular4Template.Web\FRI3NDS.Angular4Template.Web.csproj", "{BC1A17F3-7AF5-40FA-9964-D6384649E9BE}"
	ProjectSection(ProjectDependencies) = postProject
		{2987989B-C66B-4F11-808E-58B6A363C600} = {2987989B-C66B-4F11-808E-58B6A363C600}
	EndProjectSection
EndProject
Project("{9A19103F-16F7-4668-BE54-9A1E7A4F7556}") = "FRI3NDS.Angular4Template.Util", "FRI3NDS.Angular4Template.Util\FRI3NDS.Angular4Template.Util.csproj", "{2987989B-C66B-4F11-808E-58B6A363C600}"
EndProject
Project("{FAE04EC0-301F-11D3-BF4B-00C04F79EFBC}") = "FRI3NDS.Angular4Template.Core", "FRI3NDS.Angular4Template.Core\FRI3NDS.Angular4Template.Core.csproj", "{A9FDBBC7-134C-4C34-B4FD-3BBEDEAA7320}"
	ProjectSection(ProjectDependencies) = postProject
		{2987989B-C66B-4F11-808E-58B6A363C600} = {2987989B-C66B-4F11-808E-58B6A363C600}
	EndProjectSection
EndProject
Project("{FAE04EC0-301F-11D3-BF4B-00C04F79EFBC}") = "FRI3NDS.Angular4Template.Data", "FRI3NDS.Angular4Template.Data\FRI3NDS.Angular4Template.Data.csproj", "{74482890-D1DD-4E9C-956A-2319C9B4B73E}"
	ProjectSection(ProjectDependencies) = postProject
		{2987989B-C66B-4F11-808E-58B6A363C600} = {2987989B-C66B-4F11-808E-58B6A363C600}
		{A9FDBBC7-134C-4C34-B4FD-3BBEDEAA7320} = {A9FDBBC7-134C-4C34-B4FD-3BBEDEAA7320}
	EndProjectSection
EndProject
Global
	GlobalSection(SolutionConfigurationPlatforms) = preSolution
		Debug|Any CPU = Debug|Any CPU
		Release|Any CPU = Release|Any CPU
	EndGlobalSection
	GlobalSection(ProjectConfigurationPlatforms) = postSolution
		{BC1A17F3-7AF5-40FA-9964-D6384649E9BE}.Debug|Any CPU.ActiveCfg = Debug|Any CPU
		{BC1A17F3-7AF5-40FA-9964-D6384649E9BE}.Debug|Any CPU.Build.0 = Debug|Any CPU
		{BC1A17F3-7AF5-40FA-9964-D6384649E9BE}.Release|Any CPU.ActiveCfg = Release|Any CPU
		{BC1A17F3-7AF5-40FA-9964-D6384649E9BE}.Release|Any CPU.Build.0 = Release|Any CPU
		{2987989B-C66B-4F11-808E-58B6A363C600}.Debug|Any CPU.ActiveCfg = Debug|Any CPU
		{2987989B-C66B-4F11-808E-58B6A363C600}.Debug|Any CPU.Build.0 = Debug|Any CPU
		{2987989B-C66B-4F11-808E-58B6A363C600}.Release|Any CPU.ActiveCfg = Release|Any CPU
		{2987989B-C66B-4F11-808E-58B6A363C600}.Release|Any CPU.Build.0 = Release|Any CPU
		{A9FDBBC7-134C-4C34-B4FD-3BBEDEAA7320}.Debug|Any CPU.ActiveCfg = Debug|Any CPU
		{A9FDBBC7-134C-4C34-B4FD-3BBEDEAA7320}.Debug|Any CPU.Build.0 = Debug|Any CPU
		{A9FDBBC7-134C-4C34-B4FD-3BBEDEAA7320}.Release|Any CPU.ActiveCfg = Release|Any CPU
		{A9FDBBC7-134C-4C34-B4FD-3BBEDEAA7320}.Release|Any CPU.Build.0 = Release|Any CPU
		{74482890-D1DD-4E9C-956A-2319C9B4B73E}.Debug|Any CPU.ActiveCfg = Debug|Any CPU
		{74482890-D1DD-4E9C-956A-2319C9B4B73E}.Debug|Any CPU.Build.0 = Debug|Any CPU
		{74482890-D1DD-4E9C-956A-2319C9B4B73E}.Release|Any CPU.ActiveCfg = Release|Any CPU
		{74482890-D1DD-4E9C-956A-2319C9B4B73E}.Release|Any CPU.Build.0 = Release|Any CPU
	EndGlobalSection
	GlobalSection(SolutionProperties) = preSolution
		HideSolutionNode = FALSE
	EndGlobalSection
EndGlobal
